
Microsoft Visual Studio Solution File, Format Version 12.00
# Visual Studio 2013
VisualStudioVersion = 12.0.31101.0
MinimumVisualStudioVersion = 10.0.40219.1
Project("{FAE04EC0-301F-11D3-BF4B-00C04F79EFBC}") = "ClearMeasure.Interview", "ClearMeasure.Interview\ClearMeasure.Interview.csproj", "{F5AF87EB-0D36-469E-A0AB-BAF55B516521}"
EndProject
Project("{FAE04EC0-301F-11D3-BF4B-00C04F79EFBC}") = "ClearMeasure.AFA", "ClearMeasure.AFA\ClearMeasure.AFA.csproj", "{80884B31-6FB9-480A-8D62-0B4DE52ECECD}"
EndProject
Global
	GlobalSection(SolutionConfigurationPlatforms) = preSolution
		Debug|Any CPU = Debug|Any CPU
		Release|Any CPU = Release|Any CPU
	EndGlobalSection
	GlobalSection(ProjectConfigurationPlatforms) = postSolution
		{F5AF87EB-0D36-469E-A0AB-BAF55B516521}.Debug|Any CPU.ActiveCfg = Debug|Any CPU
		{F5AF87EB-0D36-469E-A0AB-BAF55B516521}.Debug|Any CPU.Build.0 = Debug|Any CPU
		{F5AF87EB-0D36-469E-A0AB-BAF55B516521}.Release|Any CPU.ActiveCfg = Release|Any CPU
		{F5AF87EB-0D36-469E-A0AB-BAF55B516521}.Release|Any CPU.Build.0 = Release|Any CPU
		{80884B31-6FB9-480A-8D62-0B4DE52ECECD}.Debug|Any CPU.ActiveCfg = Debug|Any CPU
		{80884B31-6FB9-480A-8D62-0B4DE52ECECD}.Debug|Any CPU.Build.0 = Debug|Any CPU
		{80884B31-6FB9-480A-8D62-0B4DE52ECECD}.Release|Any CPU.ActiveCfg = Release|Any CPU
		{80884B31-6FB9-480A-8D62-0B4DE52ECECD}.Release|Any CPU.Build.0 = Release|Any CPU
	EndGlobalSection
	GlobalSection(SolutionProperties) = preSolution
		HideSolutionNode = FALSE
	EndGlobalSection
EndGlobal
